{
  "name": "react-native-numeric-textinput",
  "version": "1.0.0",
  "lockfileVersion": 1,
  "requires": true,
  "dependencies": {
    "currency-codes": {
      "version": "1.5.0",
      "resolved": "https://registry.npmjs.org/currency-codes/-/currency-codes-1.5.0.tgz",
      "integrity": "sha512-S0703ftUp2/NR+BKZ51cfWtuzEIzGlrZm5cphUekJGp6B6x+vSWBS2w9dd1i8jqX8YwEzVrYxKlH0nST5EArnw==",
      "requires": {
        "first-match": "~0.0.1",
        "nub": "~0.0.0"
      }
    },
    "first-match": {
      "version": "0.0.1",
      "resolved": "https://registry.npmjs.org/first-match/-/first-match-0.0.1.tgz",
      "integrity": "sha1-pg7GQnAPD0NyNOu37D84JHblQv0="
    },
    "nub": {
      "version": "0.0.0",
      "resolved": "https://registry.npmjs.org/nub/-/nub-0.0.0.tgz",
      "integrity": "sha1-s2m9Mr3eZq9ZYFw7BSC8IZ3MwE8="
    }
  }
}
